# This file was autogenerated by Stack.
# You should not edit this file by hand.
# For more information, please see the documentation at:
#   https://docs.haskellstack.org/en/stable/lock_files

packages:
- completed:
    hackage: diagnose-2.1.1@sha256:448e87bfd1bfe78e1dc5b78af72c4f6d2174508e095ee2b2305f287d8611aa97,5781
    pantry-tree:
      size: 1402
      sha256: 90075ebf6d873c228a96bc4b518b85451a175e9a9433aac39c5fe864af2bc6ed
  original:
    hackage: diagnose-2.1.1@sha256:448e87bfd1bfe78e1dc5b78af72c4f6d2174508e095ee2b2305f287d8611aa97
snapshots:
- completed:
    size: 619163
    url: https://raw.githubusercontent.com/commercialhaskell/stackage-snapshots/master/lts/19/16.yaml
    sha256: a27a5761890ade44d7dd21a5f5f93c87e60b9c063655fff835d69dd1071474f0
  original: lts-19.16
